
Microsoft Visual Studio Solution File, Format Version 12.00
# Visual Studio Version 17
VisualStudioVersion = 17.8.34511.84
MinimumVisualStudioVersion = 10.0.40219.1
Project("{9A19103F-16F7-4668-BE54-9A1E7A4F7556}") = "Pizza_API", "Pizza_API.csproj", "{38E955AA-1E1B-43B9-8420-7520B8D586C1}"
EndProject
Project("{9A19103F-16F7-4668-BE54-9A1E7A4F7556}") = "Pizza_View", "..\Pizza_View\Pizza_View.csproj", "{B63577F0-C8DC-4680-98F1-89ADD2E8CCA8}"
EndProject
Global
	GlobalSection(SolutionConfigurationPlatforms) = preSolution
		Debug|Any CPU = Debug|Any CPU
		Release|Any CPU = Release|Any CPU
	EndGlobalSection
	GlobalSection(ProjectConfigurationPlatforms) = postSolution
		{38E955AA-1E1B-43B9-8420-7520B8D586C1}.Debug|Any CPU.ActiveCfg = Debug|Any CPU
		{38E955AA-1E1B-43B9-8420-7520B8D586C1}.Debug|Any CPU.Build.0 = Debug|Any CPU
		{38E955AA-1E1B-43B9-8420-7520B8D586C1}.Release|Any CPU.ActiveCfg = Release|Any CPU
		{38E955AA-1E1B-43B9-8420-7520B8D586C1}.Release|Any CPU.Build.0 = Release|Any CPU
		{B63577F0-C8DC-4680-98F1-89ADD2E8CCA8}.Debug|Any CPU.ActiveCfg = Debug|Any CPU
		{B63577F0-C8DC-4680-98F1-89ADD2E8CCA8}.Debug|Any CPU.Build.0 = Debug|Any CPU
		{B63577F0-C8DC-4680-98F1-89ADD2E8CCA8}.Release|Any CPU.ActiveCfg = Release|Any CPU
		{B63577F0-C8DC-4680-98F1-89ADD2E8CCA8}.Release|Any CPU.Build.0 = Release|Any CPU
	EndGlobalSection
	GlobalSection(SolutionProperties) = preSolution
		HideSolutionNode = FALSE
	EndGlobalSection
	GlobalSection(ExtensibilityGlobals) = postSolution
		SolutionGuid = {06D78994-F2E3-4AE6-92EB-F32F2B75ACF5}
	EndGlobalSection
EndGlobal
